
Microsoft Visual Studio Solution File, Format Version 12.00
# Visual Studio Version 16
VisualStudioVersion = 16.0.31313.79
MinimumVisualStudioVersion = 10.0.40219.1
Project("{FAE04EC0-301F-11D3-BF4B-00C04F79EFBC}") = "ChessBoardConsoleAppp", "ChessBoardConsoleAppp\ChessBoardConsoleAppp.csproj", "{69740E93-1951-4B59-A958-1256DDD231F4}"
EndProject
Project("{FAE04EC0-301F-11D3-BF4B-00C04F79EFBC}") = "ChessBoardModel", "ChessBoardModel\ChessBoardModel.csproj", "{660C77D6-4356-445C-A855-453FCE648128}"
EndProject
Global
	GlobalSection(SolutionConfigurationPlatforms) = preSolution
		Debug|Any CPU = Debug|Any CPU
		Release|Any CPU = Release|Any CPU
	EndGlobalSection
	GlobalSection(ProjectConfigurationPlatforms) = postSolution
		{69740E93-1951-4B59-A958-1256DDD231F4}.Debug|Any CPU.ActiveCfg = Debug|Any CPU
		{69740E93-1951-4B59-A958-1256DDD231F4}.Debug|Any CPU.Build.0 = Debug|Any CPU
		{69740E93-1951-4B59-A958-1256DDD231F4}.Release|Any CPU.ActiveCfg = Release|Any CPU
		{69740E93-1951-4B59-A958-1256DDD231F4}.Release|Any CPU.Build.0 = Release|Any CPU
		{660C77D6-4356-445C-A855-453FCE648128}.Debug|Any CPU.ActiveCfg = Debug|Any CPU
		{660C77D6-4356-445C-A855-453FCE648128}.Debug|Any CPU.Build.0 = Debug|Any CPU
		{660C77D6-4356-445C-A855-453FCE648128}.Release|Any CPU.ActiveCfg = Release|Any CPU
		{660C77D6-4356-445C-A855-453FCE648128}.Release|Any CPU.Build.0 = Release|Any CPU
	EndGlobalSection
	GlobalSection(SolutionProperties) = preSolution
		HideSolutionNode = FALSE
	EndGlobalSection
	GlobalSection(ExtensibilityGlobals) = postSolution
		SolutionGuid = {2CD7842D-F365-4665-A23D-D9204895BE3E}
	EndGlobalSection
EndGlobal
