
Microsoft Visual Studio Solution File, Format Version 12.00
# Visual Studio Version 16
VisualStudioVersion = 16.0.31205.134
MinimumVisualStudioVersion = 10.0.40219.1
Project("{9A19103F-16F7-4668-BE54-9A1E7A4F7556}") = "CountToOne", "CountToOne\CountToOne.csproj", "{352330E6-0AEA-4602-B0AF-398132A6EC1F}"
EndProject
Project("{9A19103F-16F7-4668-BE54-9A1E7A4F7556}") = "Factorial", "Factorial\Factorial.csproj", "{75CB721E-674A-411C-8894-574BD40E74D2}"
EndProject
Project("{9A19103F-16F7-4668-BE54-9A1E7A4F7556}") = "GCD", "GCD\GCD.csproj", "{AE7FF803-F611-4C85-A5A2-DDB8DD97254D}"
EndProject
Project("{FAE04EC0-301F-11D3-BF4B-00C04F79EFBC}") = "KnightsTour", "KnightsTour\KnightsTour.csproj", "{CB583C32-DB01-4A71-B6A4-FA7F187727E0}"
EndProject
Global
	GlobalSection(SolutionConfigurationPlatforms) = preSolution
		Debug|Any CPU = Debug|Any CPU
		Release|Any CPU = Release|Any CPU
	EndGlobalSection
	GlobalSection(ProjectConfigurationPlatforms) = postSolution
		{352330E6-0AEA-4602-B0AF-398132A6EC1F}.Debug|Any CPU.ActiveCfg = Debug|Any CPU
		{352330E6-0AEA-4602-B0AF-398132A6EC1F}.Debug|Any CPU.Build.0 = Debug|Any CPU
		{352330E6-0AEA-4602-B0AF-398132A6EC1F}.Release|Any CPU.ActiveCfg = Release|Any CPU
		{352330E6-0AEA-4602-B0AF-398132A6EC1F}.Release|Any CPU.Build.0 = Release|Any CPU
		{75CB721E-674A-411C-8894-574BD40E74D2}.Debug|Any CPU.ActiveCfg = Debug|Any CPU
		{75CB721E-674A-411C-8894-574BD40E74D2}.Debug|Any CPU.Build.0 = Debug|Any CPU
		{75CB721E-674A-411C-8894-574BD40E74D2}.Release|Any CPU.ActiveCfg = Release|Any CPU
		{75CB721E-674A-411C-8894-574BD40E74D2}.Release|Any CPU.Build.0 = Release|Any CPU
		{AE7FF803-F611-4C85-A5A2-DDB8DD97254D}.Debug|Any CPU.ActiveCfg = Debug|Any CPU
		{AE7FF803-F611-4C85-A5A2-DDB8DD97254D}.Debug|Any CPU.Build.0 = Debug|Any CPU
		{AE7FF803-F611-4C85-A5A2-DDB8DD97254D}.Release|Any CPU.ActiveCfg = Release|Any CPU
		{AE7FF803-F611-4C85-A5A2-DDB8DD97254D}.Release|Any CPU.Build.0 = Release|Any CPU
		{CB583C32-DB01-4A71-B6A4-FA7F187727E0}.Debug|Any CPU.ActiveCfg = Debug|Any CPU
		{CB583C32-DB01-4A71-B6A4-FA7F187727E0}.Debug|Any CPU.Build.0 = Debug|Any CPU
		{CB583C32-DB01-4A71-B6A4-FA7F187727E0}.Release|Any CPU.ActiveCfg = Release|Any CPU
		{CB583C32-DB01-4A71-B6A4-FA7F187727E0}.Release|Any CPU.Build.0 = Release|Any CPU
	EndGlobalSection
	GlobalSection(SolutionProperties) = preSolution
		HideSolutionNode = FALSE
	EndGlobalSection
	GlobalSection(ExtensibilityGlobals) = postSolution
		SolutionGuid = {7AC8F86C-F57D-4455-A9CB-FABFA5BE67CA}
	EndGlobalSection
EndGlobal
