
Microsoft Visual Studio Solution File, Format Version 12.00
# Visual Studio Version 16
VisualStudioVersion = 16.0.31410.357
MinimumVisualStudioVersion = 10.0.40219.1
Project("{FAE04EC0-301F-11D3-BF4B-00C04F79EFBC}") = "FileIO", "FileIO\FileIO.csproj", "{6E5F202F-9E1D-4CE3-9D48-39FE384AD717}"
EndProject
Project("{FAE04EC0-301F-11D3-BF4B-00C04F79EFBC}") = "FileIOGUI", "FileIOGUI\FileIOGUI.csproj", "{B9198862-D16A-43F5-A351-AAC79A73E422}"
EndProject
Project("{FAE04EC0-301F-11D3-BF4B-00C04F79EFBC}") = "LINQdemo", "LINQdemo\LINQdemo.csproj", "{AE765944-211D-4E5F-A962-FDBC29578C24}"
EndProject
Project("{2150E333-8FDC-42A3-9474-1A3956D46DE8}") = "Resources", "Resources", "{1FD4666C-1275-4901-8F2C-60CFB73285D5}"
	ProjectSection(SolutionItems) = preProject
		..\..\..\..\..\..\demos\peopleOut.txt = ..\..\..\..\..\..\demos\peopleOut.txt
		..\..\..\..\..\..\demos\test.txt = ..\..\..\..\..\..\demos\test.txt
	EndProjectSection
EndProject
Global
	GlobalSection(SolutionConfigurationPlatforms) = preSolution
		Debug|Any CPU = Debug|Any CPU
		Release|Any CPU = Release|Any CPU
	EndGlobalSection
	GlobalSection(ProjectConfigurationPlatforms) = postSolution
		{6E5F202F-9E1D-4CE3-9D48-39FE384AD717}.Debug|Any CPU.ActiveCfg = Debug|Any CPU
		{6E5F202F-9E1D-4CE3-9D48-39FE384AD717}.Debug|Any CPU.Build.0 = Debug|Any CPU
		{6E5F202F-9E1D-4CE3-9D48-39FE384AD717}.Release|Any CPU.ActiveCfg = Release|Any CPU
		{6E5F202F-9E1D-4CE3-9D48-39FE384AD717}.Release|Any CPU.Build.0 = Release|Any CPU
		{B9198862-D16A-43F5-A351-AAC79A73E422}.Debug|Any CPU.ActiveCfg = Debug|Any CPU
		{B9198862-D16A-43F5-A351-AAC79A73E422}.Debug|Any CPU.Build.0 = Debug|Any CPU
		{B9198862-D16A-43F5-A351-AAC79A73E422}.Release|Any CPU.ActiveCfg = Release|Any CPU
		{B9198862-D16A-43F5-A351-AAC79A73E422}.Release|Any CPU.Build.0 = Release|Any CPU
		{AE765944-211D-4E5F-A962-FDBC29578C24}.Debug|Any CPU.ActiveCfg = Debug|Any CPU
		{AE765944-211D-4E5F-A962-FDBC29578C24}.Debug|Any CPU.Build.0 = Debug|Any CPU
		{AE765944-211D-4E5F-A962-FDBC29578C24}.Release|Any CPU.ActiveCfg = Release|Any CPU
		{AE765944-211D-4E5F-A962-FDBC29578C24}.Release|Any CPU.Build.0 = Release|Any CPU
	EndGlobalSection
	GlobalSection(SolutionProperties) = preSolution
		HideSolutionNode = FALSE
	EndGlobalSection
	GlobalSection(ExtensibilityGlobals) = postSolution
		SolutionGuid = {A1AD757F-5A08-4079-85B5-09818F3B98EF}
	EndGlobalSection
EndGlobal
