
Microsoft Visual Studio Solution File, Format Version 12.00
# Visual Studio Version 16
VisualStudioVersion = 16.0.31025.194
MinimumVisualStudioVersion = 10.0.40219.1
Project("{FAE04EC0-301F-11D3-BF4B-00C04F79EFBC}") = "CarClassLibrary", "CarClassLibrary.csproj", "{252F2A30-4AA7-4256-8A39-CA820955EDE3}"
EndProject
Project("{FAE04EC0-301F-11D3-BF4B-00C04F79EFBC}") = "CarShopConsoleApp", "..\CarShopConsoleApp\CarShopConsoleApp.csproj", "{87B4404E-CD70-4064-88AA-1B23A81BD0A3}"
EndProject
Global
	GlobalSection(SolutionConfigurationPlatforms) = preSolution
		Debug|Any CPU = Debug|Any CPU
		Release|Any CPU = Release|Any CPU
	EndGlobalSection
	GlobalSection(ProjectConfigurationPlatforms) = postSolution
		{252F2A30-4AA7-4256-8A39-CA820955EDE3}.Debug|Any CPU.ActiveCfg = Debug|Any CPU
		{252F2A30-4AA7-4256-8A39-CA820955EDE3}.Debug|Any CPU.Build.0 = Debug|Any CPU
		{252F2A30-4AA7-4256-8A39-CA820955EDE3}.Release|Any CPU.ActiveCfg = Release|Any CPU
		{252F2A30-4AA7-4256-8A39-CA820955EDE3}.Release|Any CPU.Build.0 = Release|Any CPU
		{87B4404E-CD70-4064-88AA-1B23A81BD0A3}.Debug|Any CPU.ActiveCfg = Debug|Any CPU
		{87B4404E-CD70-4064-88AA-1B23A81BD0A3}.Debug|Any CPU.Build.0 = Debug|Any CPU
		{87B4404E-CD70-4064-88AA-1B23A81BD0A3}.Release|Any CPU.ActiveCfg = Release|Any CPU
		{87B4404E-CD70-4064-88AA-1B23A81BD0A3}.Release|Any CPU.Build.0 = Release|Any CPU
	EndGlobalSection
	GlobalSection(SolutionProperties) = preSolution
		HideSolutionNode = FALSE
	EndGlobalSection
	GlobalSection(ExtensibilityGlobals) = postSolution
		SolutionGuid = {F4F35F03-5662-4339-91FB-82251CDCEDF0}
	EndGlobalSection
EndGlobal
